// !$*UTF8*$!
{
	archiveVersion = 1;
	classes = {
	};
	objectVersion = 50;
	objects = {

/* Begin PBXBuildFile section */
		27F0EE0721F6644E004EB07B /* AppDelegate.swift in Sources */ = {isa = PBXBuildFile; fileRef = 27F0EE0621F6644E004EB07B /* AppDelegate.swift */; };
		27F0EE0921F6644E004EB07B /* ViewController.swift in Sources */ = {isa = PBXBuildFile; fileRef = 27F0EE0821F6644E004EB07B /* ViewController.swift */; };
		27F0EE0C21F6644E004EB07B /* Main.storyboard in Resources */ = {isa = PBXBuildFile; fileRef = 27F0EE0A21F6644E004EB07B /* Main.storyboard */; };
		27F0EE0E21F66451004EB07B /* Assets.xcassets in Resources */ = {isa = PBXBuildFile; fileRef = 27F0EE0D21F66451004EB07B /* Assets.xcassets */; };
		27F0EE1121F66451004EB07B /* LaunchScreen.storyboard in Resources */ = {isa = PBXBuildFile; fileRef = 27F0EE0F21F66451004EB07B /* LaunchScreen.storyboard */; };
		27F0EE1A21F7644A004EB07B /* AVFoundation.framework in Frameworks */ = {isa = PBXBuildFile; fileRef = 27F0EE1921F7644A004EB07B /* AVFoundation.framework */; };
		27F0EE1E21F76737004EB07B /* click.wav in Resources */ = {isa = PBXBuildFile; fileRef = 27F0EE1D21F76737004EB07B /* click.wav */; };
/* End PBXBuildFile section */

/* Begin PBXFileReference section */
		27F0EE0321F6644E004EB07B /* Timer.app */ = {isa = PBXFileReference; explicitFileType = wrapper.application; includeInIndex = 0; path = Timer.app; sourceTree = BUILT_PRODUCTS_DIR; };
		27F0EE0621F6644E004EB07B /* AppDelegate.swift */ = {isa = PBXFileReference; lastKnownFileType = sourcecode.swift; path = AppDelegate.swift; sourceTree = "<group>"; };
		27F0EE0821F6644E004EB07B /* ViewController.swift */ = {isa = PBXFileReference; lastKnownFileType = sourcecode.swift; path = ViewController.swift; sourceTree = "<group>"; };
		27F0EE0B21F6644E004EB07B /* Base */ = {isa = PBXFileReference; lastKnownFileType = file.storyboard; name = Base; path = Base.lproj/Main.storyboard; sourceTree = "<group>"; };
		27F0EE0D21F66451004EB07B /* Assets.xcassets */ = {isa = PBXFileReference; lastKnownFileType = folder.assetcatalog; path = Assets.xcassets; sourceTree = "<group>"; };
		27F0EE1021F66451004EB07B /* Base */ = {isa = PBXFileReference; lastKnownFileType = file.storyboard; name = Base; path = Base.lproj/LaunchScreen.storyboard; sourceTree = "<group>"; };
		27F0EE1221F66451004EB07B /* Info.plist */ = {isa = PBXFileReference; lastKnownFileType = text.plist.xml; path = Info.plist; sourceTree = "<group>"; };
		27F0EE1921F7644A004EB07B /* AVFoundation.framework */ = {isa = PBXFileReference; lastKnownFileType = wrapper.framework; name = AVFoundation.framework; path = System/Library/Frameworks/AVFoundation.framework; sourceTree = SDKROOT; };
		27F0EE1D21F76737004EB07B /* click.wav */ = {isa = PBXFileReference; lastKnownFileType = audio.wav; path = click.wav; sourceTree = "<group>"; };
/* End PBXFileReference section */

/* Begin PBXFrameworksBuildPhase section */
		27F0EE0021F6644E004EB07B /* Frameworks */ = {
			isa = PBXFrameworksBuildPhase;
			buildActionMask = 2147483647;
			files = (
				27F0EE1A21F7644A004EB07B /* AVFoundation.framework in Frameworks */,
			);
			runOnlyForDeploymentPostprocessing = 0;
		};
/* End PBXFrameworksBuildPhase section */

/* Begin PBXGroup section */
		27F0EDFA21F6644E004EB07B = {
			isa = PBXGroup;
			children = (
				27F0EE0521F6644E004EB07B /* Timer */,
				27F0EE0421F6644E004EB07B /* Products */,
				27F0EE1821F76449004EB07B /* Frameworks */,
			);
			sourceTree = "<group>";
		};
		27F0EE0421F6644E004EB07B /* Products */ = {
			isa = PBXGroup;
			children = (
				27F0EE0321F6644E004EB07B /* Timer.app */,
			);
			name = Products;
			sourceTree = "<group>";
		};
		27F0EE0521F6644E004EB07B /* Timer */ = {
			isa = PBXGroup;
			children = (
				27F0EE0621F6644E004EB07B /* AppDelegate.swift */,
				27F0EE0821F6644E004EB07B /* ViewController.swift */,
				27F0EE0A21F6644E004EB07B /* Main.storyboard */,
				27F0EE0D21F66451004EB07B /* Assets.xcassets */,
				27F0EE0F21F66451004EB07B /* LaunchScreen.storyboard */,
				27F0EE1221F66451004EB07B /* Info.plist */,
			);
			path = Timer;
			sourceTree = "<group>";
		};
		27F0EE1821F76449004EB07B /* Frameworks */ = {
			isa = PBXGroup;
			children = (
				27F0EE1D21F76737004EB07B /* click.wav */,
				27F0EE1921F7644A004EB07B /* AVFoundation.framework */,
			);
			name = Frameworks;
			sourceTree = "<group>";
		};
/* End PBXGroup section */

/* Begin PBXNativeTarget section */
		27F0EE0221F6644E004EB07B /* Timer */ = {
			isa = PBXNativeTarget;
			buildConfigurationList = 27F0EE1521F66451004EB07B /* Build configuration list for PBXNativeTarget "Timer" */;
			buildPhases = (
				27F0EDFF21F6644E004EB07B /* Sources */,
				27F0EE0021F6644E004EB07B /* Frameworks */,
				27F0EE0121F6644E004EB07B /* Resources */,
			);
			buildRules = (
			);
			dependencies = (
			);
			name = Timer;
			productName = Timer;
			productReference = 27F0EE0321F6644E004EB07B /* Timer.app */;
			productType = "com.apple.product-type.application";
		};
/* End PBXNativeTarget section */

/* Begin PBXProject section */
		27F0EDFB21F6644E004EB07B /* Project object */ = {
			isa = PBXProject;
			attributes = {
				LastSwiftUpdateCheck = 1010;
				LastUpgradeCheck = 1010;
				ORGANIZATIONNAME = "Mariam Camara";
				TargetAttributes = {
					27F0EE0221F6644E004EB07B = {
						CreatedOnToolsVersion = 10.1;
					};
				};
			};
			buildConfigurationList = 27F0EDFE21F6644E004EB07B /* Build configuration list for PBXProject "Timer" */;
			compatibilityVersion = "Xcode 9.3";
			developmentRegion = en;
			hasScannedForEncodings = 0;
			knownRegions = (
				en,
				Base,
			);
			mainGroup = 27F0EDFA21F6644E004EB07B;
			productRefGroup = 27F0EE0421F6644E004EB07B /* Products */;
			projectDirPath = "";
			projectRoot = "";
			targets = (
				27F0EE0221F6644E004EB07B /* Timer */,
			);
		};
/* End PBXProject section */

/* Begin PBXResourcesBuildPhase section */
		27F0EE0121F6644E004EB07B /* Resources */ = {
			isa = PBXResourcesBuildPhase;
			buildActionMask = 2147483647;
			files = (
				27F0EE1121F66451004EB07B /* LaunchScreen.storyboard in Resources */,
				27F0EE0E21F66451004EB07B /* Assets.xcassets in Resources */,
				27F0EE0C21F6644E004EB07B /* Main.storyboard in Resources */,
				27F0EE1E21F76737004EB07B /* click.wav in Resources */,
			);
			runOnlyForDeploymentPostprocessing = 0;
		};
/* End PBXResourcesBuildPhase section */

/* Begin PBXSourcesBuildPhase section */
		27F0EDFF21F6644E004EB07B /* Sources */ = {
			isa = PBXSourcesBuildPhase;
			buildActionMask = 2147483647;
			files = (
				27F0EE0921F6644E004EB07B /* ViewController.swift in Sources */,
				27F0EE0721F6644E004EB07B /* AppDelegate.swift in Sources */,
			);
			runOnlyForDeploymentPostprocessing = 0;
		};
/* End PBXSourcesBuildPhase section */

/* Begin PBXVariantGroup section */
		27F0EE0A21F6644E004EB07B /* Main.storyboard */ = {
			isa = PBXVariantGroup;
			children = (
				27F0EE0B21F6644E004EB07B /* Base */,
			);
			name = Main.storyboard;
			sourceTree = "<group>";
		};
		27F0EE0F21F66451004EB07B /* LaunchScreen.storyboard */ = {
			isa = PBXVariantGroup;
			children = (
				27F0EE1021F66451004EB07B /* Base */,
			);
			name = LaunchScreen.storyboard;
			sourceTree = "<group>";
		};
/* End PBXVariantGroup section */

/* Begin XCBuildConfiguration section */
		27F0EE1321F66451004EB07B /* Debug */ = {
			isa = XCBuildConfiguration;
			buildSettings = {
				ALWAYS_SEARCH_USER_PATHS = NO;
				CLANG_ANALYZER_NONNULL = YES;
				CLANG_ANALYZER_NUMBER_OBJECT_CONVERSION = YES_AGGRESSIVE;
				CLANG_CXX_LANGUAGE_STANDARD = "gnu++14";
				CLANG_CXX_LIBRARY = "libc++";
				CLANG_ENABLE_MODULES = YES;
				CLANG_ENABLE_OBJC_ARC = YES;
				CLANG_ENABLE_OBJC_WEAK = YES;
				CLANG_WARN_BLOCK_CAPTURE_AUTORELEASING = YES;
				CLANG_WARN_BOOL_CONVERSION = YES;
				CLANG_WARN_COMMA = YES;
				CLANG_WARN_CONSTANT_CONVERSION = YES;
				CLANG_WARN_DEPRECATED_OBJC_IMPLEMENTATIONS = YES;
				CLANG_WARN_DIRECT_OBJC_ISA_USAGE = YES_ERROR;
				CLANG_WARN_DOCUMENTATION_COMMENTS = YES;
				CLANG_WARN_EMPTY_BODY = YES;
				CLANG_WARN_ENUM_CONVERSION = YES;
				CLANG_WARN_INFINITE_RECURSION = YES;
				CLANG_WARN_INT_CONVERSION = YES;
				CLANG_WARN_NON_LITERAL_NULL_CONVERSION = YES;
				CLANG_WARN_OBJC_IMPLICIT_RETAIN_SELF = YES;
				CLANG_WARN_OBJC_LITERAL_CONVERSION = YES;
				CLANG_WARN_OBJC_ROOT_CLASS = YES_ERROR;
				CLANG_WARN_RANGE_LOOP_ANALYSIS = YES;
				CLANG_WARN_STRICT_PROTOTYPES = YES;
				CLANG_WARN_SUSPICIOUS_MOVE = YES;
				CLANG_WARN_UNGUARDED_AVAILABILITY = YES_AGGRESSIVE;
				CLANG_WARN_UNREACHABLE_CODE = YES;
				CLANG_WARN__DUPLICATE_METHOD_MATCH = YES;
				CODE_SIGN_IDENTITY = "iPhone Developer";
				COPY_PHASE_STRIP = NO;
				DEBUG_INFORMATION_FORMAT = dwarf;
				ENABLE_STRICT_OBJC_MSGSEND = YES;
				ENABLE_TESTABILITY = YES;
				GCC_C_LANGUAGE_STANDARD = gnu11;
				GCC_DYNAMIC_NO_PIC = NO;
				GCC_NO_COMMON_BLOCKS = YES;
				GCC_OPTIMIZATION_LEVEL = 0;
				GCC_PREPROCESSOR_DEFINITIONS = (
					"DEBUG=1",
					"$(inherited)",
				);
				GCC_WARN_64_TO_32_BIT_CONVERSION = YES;
				GCC_WARN_ABOUT_RETURN_TYPE = YES_ERROR;
				GCC_WARN_UNDECLARED_SELECTOR = YES;
				GCC_WARN_UNINITIALIZED_AUTOS = YES_AGGRESSIVE;
				GCC_WARN_UNUSED_FUNCTION = YES;
				GCC_WARN_UNUSED_VARIABLE = YES;
				IPHONEOS_DEPLOYMENT_TARGET = 12.1;
				MTL_ENABLE_DEBUG_INFO = INCLUDE_SOURCE;
				MTL_FAST_MATH = YES;
				ONLY_ACTIVE_ARCH = YES;
				SDKROOT = iphoneos;
				SWIFT_ACTIVE_COMPILATION_CONDITIONS = DEBUG;
				SWIFT_OPTIMIZATION_LEVEL = "-Onone";
			};
			name = Debug;
		};
		27F0EE1421F66451004EB07B /* Release */ = {
			isa = XCBuildConfiguration;
			buildSettings = {
				ALWAYS_SEARCH_USER_PATHS = NO;
				CLANG_ANALYZER_NONNULL = YES;
				CLANG_ANALYZER_NUMBER_OBJECT_CONVERSION = YES_AGGRESSIVE;
				CLANG_CXX_LANGUAGE_STANDARD = "gnu++14";
				CLANG_CXX_LIBRARY = "libc++";
				CLANG_ENABLE_MODULES = YES;
				CLANG_ENABLE_OBJC_ARC = YES;
				CLANG_ENABLE_OBJC_WEAK = YES;
				CLANG_WARN_BLOCK_CAPTURE_AUTORELEASING = YES;
				CLANG_WARN_BOOL_CONVERSION = YES;
				CLANG_WARN_COMMA = YES;
				CLANG_WARN_CONSTANT_CONVERSION = YES;
				CLANG_WARN_DEPRECATED_OBJC_IMPLEMENTATIONS = YES;
				CLANG_WARN_DIRECT_OBJC_ISA_USAGE = YES_ERROR;
				CLANG_WARN_DOCUMENTATION_COMMENTS = YES;
				CLANG_WARN_EMPTY_BODY = YES;
				CLANG_WARN_ENUM_CONVERSION = YES;
				CLANG_WARN_INFINITE_RECURSION = YES;
				CLANG_WARN_INT_CONVERSION = YES;
				CLANG_WARN_NON_LITERAL_NULL_CONVERSION = YES;
				CLANG_WARN_OBJC_IMPLICIT_RETAIN_SELF = YES;
				CLANG_WARN_OBJC_LITERAL_CONVERSION = YES;
				CLANG_WARN_OBJC_ROOT_CLASS = YES_ERROR;
				CLANG_WARN_RANGE_LOOP_ANALYSIS = YES;
				CLANG_WARN_STRICT_PROTOTYPES = YES;
				CLANG_WARN_SUSPICIOUS_MOVE = YES;
				CLANG_WARN_UNGUARDED_AVAILABILITY = YES_AGGRESSIVE;
				CLANG_WARN_UNREACHABLE_CODE = YES;
				CLANG_WARN__DUPLICATE_METHOD_MATCH = YES;
				CODE_SIGN_IDENTITY = "iPhone Developer";
				COPY_PHASE_STRIP = NO;
				DEBUG_INFORMATION_FORMAT = "dwarf-with-dsym";
				ENABLE_NS_ASSERTIONS = NO;
				ENABLE_STRICT_OBJC_MSGSEND = YES;
				GCC_C_LANGUAGE_STANDARD = gnu11;
				GCC_NO_COMMON_BLOCKS = YES;
				GCC_WARN_64_TO_32_BIT_CONVERSION = YES;
				GCC_WARN_ABOUT_RETURN_TYPE = YES_ERROR;
				GCC_WARN_UNDECLARED_SELECTOR = YES;
				GCC_WARN_UNINITIALIZED_AUTOS = YES_AGGRESSIVE;
				GCC_WARN_UNUSED_FUNCTION = YES;
				GCC_WARN_UNUSED_VARIABLE = YES;
				IPHONEOS_DEPLOYMENT_TARGET = 12.1;
				MTL_ENABLE_DEBUG_INFO = NO;
				MTL_FAST_MATH = YES;
				SDKROOT = iphoneos;
				SWIFT_COMPILATION_MODE = wholemodule;
				SWIFT_OPTIMIZATION_LEVEL = "-O";
				VALIDATE_PRODUCT = YES;
			};
			name = Release;
		};
		27F0EE1621F66451004EB07B /* Debug */ = {
			isa = XCBuildConfiguration;
			buildSettings = {
				ASSETCATALOG_COMPILER_APPICON_NAME = AppIcon;
				CODE_SIGN_STYLE = Automatic;
				DEVELOPMENT_TEAM = 89HTC74GPY;
				INFOPLIST_FILE = Timer/Info.plist;
				LD_RUNPATH_SEARCH_PATHS = (
					"$(inherited)",
					"@executable_path/Frameworks",
				);
				PRODUCT_BUNDLE_IDENTIFIER = edu.cuny.bmcc.Timer;
				PRODUCT_NAME = "$(TARGET_NAME)";
				SWIFT_VERSION = 4.2;
				TARGETED_DEVICE_FAMILY = "1,2";
			};
			name = Debug;
		};
		27F0EE1721F66451004EB07B /* Release */ = {
			isa = XCBuildConfiguration;
			buildSettings = {
				ASSETCATALOG_COMPILER_APPICON_NAME = AppIcon;
				CODE_SIGN_STYLE = Automatic;
				DEVELOPMENT_TEAM = 89HTC74GPY;
				INFOPLIST_FILE = Timer/Info.plist;
				LD_RUNPATH_SEARCH_PATHS = (
					"$(inherited)",
					"@executable_path/Frameworks",
				);
				PRODUCT_BUNDLE_IDENTIFIER = edu.cuny.bmcc.Timer;
				PRODUCT_NAME = "$(TARGET_NAME)";
				SWIFT_VERSION = 4.2;
				TARGETED_DEVICE_FAMILY = "1,2";
			};
			name = Release;
		};
/* End XCBuildConfiguration section */

/* Begin XCConfigurationList section */
		27F0EDFE21F6644E004EB07B /* Build configuration list for PBXProject "Timer" */ = {
			isa = XCConfigurationList;
			buildConfigurations = (
				27F0EE1321F66451004EB07B /* Debug */,
				27F0EE1421F66451004EB07B /* Release */,
			);
			defaultConfigurationIsVisible = 0;
			defaultConfigurationName = Release;
		};
		27F0EE1521F66451004EB07B /* Build configuration list for PBXNativeTarget "Timer" */ = {
			isa = XCConfigurationList;
			buildConfigurations = (
				27F0EE1621F66451004EB07B /* Debug */,
				27F0EE1721F66451004EB07B /* Release */,
			);
			defaultConfigurationIsVisible = 0;
			defaultConfigurationName = Release;
		};
/* End XCConfigurationList section */
	};
	rootObject = 27F0EDFB21F6644E004EB07B /* Project object */;
}
